
Microsoft Visual Studio Solution File, Format Version 12.00
# Visual Studio Version 17
VisualStudioVersion = 17.5.002.0
MinimumVisualStudioVersion = 10.0.40219.1
Project("{9A19103F-16F7-4668-BE54-9A1E7A4F7556}") = "MyApi", "MyApi.csproj", "{DBC862A1-AE40-4FF1-B7D6-483EE5E9CC24}"
EndProject
Global
	GlobalSection(SolutionConfigurationPlatforms) = preSolution
		Debug|Any CPU = Debug|Any CPU
		Release|Any CPU = Release|Any CPU
	EndGlobalSection
	GlobalSection(ProjectConfigurationPlatforms) = postSolution
		{DBC862A1-AE40-4FF1-B7D6-483EE5E9CC24}.Debug|Any CPU.ActiveCfg = Debug|Any CPU
		{DBC862A1-AE40-4FF1-B7D6-483EE5E9CC24}.Debug|Any CPU.Build.0 = Debug|Any CPU
		{DBC862A1-AE40-4FF1-B7D6-483EE5E9CC24}.Release|Any CPU.ActiveCfg = Release|Any CPU
		{DBC862A1-AE40-4FF1-B7D6-483EE5E9CC24}.Release|Any CPU.Build.0 = Release|Any CPU
	EndGlobalSection
	GlobalSection(SolutionProperties) = preSolution
		HideSolutionNode = FALSE
	EndGlobalSection
	GlobalSection(ExtensibilityGlobals) = postSolution
		SolutionGuid = {64F5FD5A-3BAA-4709-B00B-AE25225C9B53}
	EndGlobalSection
EndGlobal
